
Microsoft Visual Studio Solution File, Format Version 12.00
# Visual Studio Version 16
VisualStudioVersion = 16.0.31112.23
MinimumVisualStudioVersion = 10.0.40219.1
Project("{9A19103F-16F7-4668-BE54-9A1E7A4F7556}") = "CRM.API", "CRM.API\CRM.API.csproj", "{431D59E2-472E-4189-9638-EE6317AF3A15}"
EndProject
Project("{2150E333-8FDC-42A3-9474-1A3956D46DE8}") = "src", "src", "{9F850CE0-A785-47C8-822B-5B0668E721AE}"
EndProject
Project("{FAE04EC0-301F-11D3-BF4B-00C04F79EFBC}") = "CRM.Config", "CRM.Config\CRM.Config.csproj", "{A39FF5D6-42EC-491A-9385-3CE250690190}"
EndProject
Project("{FAE04EC0-301F-11D3-BF4B-00C04F79EFBC}") = "CRM.Domain", "CRM.Domain\CRM.Domain.csproj", "{2B8712CE-5907-4975-9F0C-CC6DBB6AFC89}"
EndProject
Project("{FAE04EC0-301F-11D3-BF4B-00C04F79EFBC}") = "CRM.Service", "CRM.Service\CRM.Service.csproj", "{690EE36E-C224-4B49-B256-6BB13E666C28}"
EndProject
Project("{FAE04EC0-301F-11D3-BF4B-00C04F79EFBC}") = "CRM.Infra", "CRM.Infra\CRM.Infra.csproj", "{8748D430-EB15-4AAF-AA67-14480CCD786E}"
EndProject
Project("{FAE04EC0-301F-11D3-BF4B-00C04F79EFBC}") = "CRM.Client", "CRM.Client\CRM.Client.csproj", "{11C1710C-43C1-4EA5-9522-91CA09121D1D}"
EndProject
Global
	GlobalSection(SolutionConfigurationPlatforms) = preSolution
		Debug|Any CPU = Debug|Any CPU
		Release|Any CPU = Release|Any CPU
	EndGlobalSection
	GlobalSection(ProjectConfigurationPlatforms) = postSolution
		{431D59E2-472E-4189-9638-EE6317AF3A15}.Debug|Any CPU.ActiveCfg = Debug|Any CPU
		{431D59E2-472E-4189-9638-EE6317AF3A15}.Debug|Any CPU.Build.0 = Debug|Any CPU
		{431D59E2-472E-4189-9638-EE6317AF3A15}.Release|Any CPU.ActiveCfg = Release|Any CPU
		{431D59E2-472E-4189-9638-EE6317AF3A15}.Release|Any CPU.Build.0 = Release|Any CPU
		{A39FF5D6-42EC-491A-9385-3CE250690190}.Debug|Any CPU.ActiveCfg = Debug|Any CPU
		{A39FF5D6-42EC-491A-9385-3CE250690190}.Debug|Any CPU.Build.0 = Debug|Any CPU
		{A39FF5D6-42EC-491A-9385-3CE250690190}.Release|Any CPU.ActiveCfg = Release|Any CPU
		{A39FF5D6-42EC-491A-9385-3CE250690190}.Release|Any CPU.Build.0 = Release|Any CPU
		{2B8712CE-5907-4975-9F0C-CC6DBB6AFC89}.Debug|Any CPU.ActiveCfg = Debug|Any CPU
		{2B8712CE-5907-4975-9F0C-CC6DBB6AFC89}.Debug|Any CPU.Build.0 = Debug|Any CPU
		{2B8712CE-5907-4975-9F0C-CC6DBB6AFC89}.Release|Any CPU.ActiveCfg = Release|Any CPU
		{2B8712CE-5907-4975-9F0C-CC6DBB6AFC89}.Release|Any CPU.Build.0 = Release|Any CPU
		{690EE36E-C224-4B49-B256-6BB13E666C28}.Debug|Any CPU.ActiveCfg = Debug|Any CPU
		{690EE36E-C224-4B49-B256-6BB13E666C28}.Debug|Any CPU.Build.0 = Debug|Any CPU
		{690EE36E-C224-4B49-B256-6BB13E666C28}.Release|Any CPU.ActiveCfg = Release|Any CPU
		{690EE36E-C224-4B49-B256-6BB13E666C28}.Release|Any CPU.Build.0 = Release|Any CPU
		{8748D430-EB15-4AAF-AA67-14480CCD786E}.Debug|Any CPU.ActiveCfg = Debug|Any CPU
		{8748D430-EB15-4AAF-AA67-14480CCD786E}.Debug|Any CPU.Build.0 = Debug|Any CPU
		{8748D430-EB15-4AAF-AA67-14480CCD786E}.Release|Any CPU.ActiveCfg = Release|Any CPU
		{8748D430-EB15-4AAF-AA67-14480CCD786E}.Release|Any CPU.Build.0 = Release|Any CPU
		{11C1710C-43C1-4EA5-9522-91CA09121D1D}.Debug|Any CPU.ActiveCfg = Debug|Any CPU
		{11C1710C-43C1-4EA5-9522-91CA09121D1D}.Debug|Any CPU.Build.0 = Debug|Any CPU
		{11C1710C-43C1-4EA5-9522-91CA09121D1D}.Release|Any CPU.ActiveCfg = Release|Any CPU
		{11C1710C-43C1-4EA5-9522-91CA09121D1D}.Release|Any CPU.Build.0 = Release|Any CPU
	EndGlobalSection
	GlobalSection(SolutionProperties) = preSolution
		HideSolutionNode = FALSE
	EndGlobalSection
	GlobalSection(NestedProjects) = preSolution
		{431D59E2-472E-4189-9638-EE6317AF3A15} = {9F850CE0-A785-47C8-822B-5B0668E721AE}
		{A39FF5D6-42EC-491A-9385-3CE250690190} = {9F850CE0-A785-47C8-822B-5B0668E721AE}
		{2B8712CE-5907-4975-9F0C-CC6DBB6AFC89} = {9F850CE0-A785-47C8-822B-5B0668E721AE}
		{690EE36E-C224-4B49-B256-6BB13E666C28} = {9F850CE0-A785-47C8-822B-5B0668E721AE}
		{8748D430-EB15-4AAF-AA67-14480CCD786E} = {9F850CE0-A785-47C8-822B-5B0668E721AE}
		{11C1710C-43C1-4EA5-9522-91CA09121D1D} = {9F850CE0-A785-47C8-822B-5B0668E721AE}
	EndGlobalSection
	GlobalSection(ExtensibilityGlobals) = postSolution
		SolutionGuid = {EEC180BD-DB25-49FC-8CA9-E2ACE8522B34}
	EndGlobalSection
EndGlobal
